
Microsoft Visual Studio Solution File, Format Version 12.00
# Visual Studio Version 17
VisualStudioVersion = 17.8.34322.80
MinimumVisualStudioVersion = 10.0.40219.1
Project("{9A19103F-16F7-4668-BE54-9A1E7A4F7556}") = "ReactApp4.Server", "ReactApp4.Server\ReactApp4.Server.csproj", "{34045770-3258-406F-ACD2-BE35140B3FF3}"
EndProject
Project("{54A90642-561A-4BB1-A94E-469ADEE60C69}") = "reactapp4.client", "reactapp4.client\reactapp4.client.esproj", "{1236EEE6-1AA8-4280-91E7-6DB183095D3E}"
EndProject
Project("{2150E333-8FDC-42A3-9474-1A3956D46DE8}") = "Solution Items", "Solution Items", "{2D084A05-F458-423C-B390-24536C6D7A50}"
	ProjectSection(SolutionItems) = preProject
		AdvancedStats.txt = AdvancedStats.txt
		DefensiveRating.txt = DefensiveRating.txt
		OffensiveRating.txt = OffensiveRating.txt
		PProd.txt = PProd.txt
		ReactApp4.Server\testScript.py = ReactApp4.Server\testScript.py
	EndProjectSection
EndProject
Global
	GlobalSection(SolutionConfigurationPlatforms) = preSolution
		Debug|Any CPU = Debug|Any CPU
		Release|Any CPU = Release|Any CPU
	EndGlobalSection
	GlobalSection(ProjectConfigurationPlatforms) = postSolution
		{34045770-3258-406F-ACD2-BE35140B3FF3}.Debug|Any CPU.ActiveCfg = Debug|Any CPU
		{34045770-3258-406F-ACD2-BE35140B3FF3}.Debug|Any CPU.Build.0 = Debug|Any CPU
		{34045770-3258-406F-ACD2-BE35140B3FF3}.Release|Any CPU.ActiveCfg = Release|Any CPU
		{34045770-3258-406F-ACD2-BE35140B3FF3}.Release|Any CPU.Build.0 = Release|Any CPU
		{1236EEE6-1AA8-4280-91E7-6DB183095D3E}.Debug|Any CPU.ActiveCfg = Debug|Any CPU
		{1236EEE6-1AA8-4280-91E7-6DB183095D3E}.Debug|Any CPU.Build.0 = Debug|Any CPU
		{1236EEE6-1AA8-4280-91E7-6DB183095D3E}.Debug|Any CPU.Deploy.0 = Debug|Any CPU
		{1236EEE6-1AA8-4280-91E7-6DB183095D3E}.Release|Any CPU.ActiveCfg = Release|Any CPU
		{1236EEE6-1AA8-4280-91E7-6DB183095D3E}.Release|Any CPU.Build.0 = Release|Any CPU
		{1236EEE6-1AA8-4280-91E7-6DB183095D3E}.Release|Any CPU.Deploy.0 = Release|Any CPU
	EndGlobalSection
	GlobalSection(SolutionProperties) = preSolution
		HideSolutionNode = FALSE
	EndGlobalSection
	GlobalSection(ExtensibilityGlobals) = postSolution
		SolutionGuid = {73460B69-4F7D-476D-B071-E1D431A37F05}
	EndGlobalSection
EndGlobal
